
Microsoft Visual Studio Solution File, Format Version 12.00
# Visual Studio 15
VisualStudioVersion = 15.0.26228.9
MinimumVisualStudioVersion = 10.0.40219.1
Project("{FAE04EC0-301F-11D3-BF4B-00C04F79EFBC}") = "OffseasonGM.Android", "OffseasonGM\OffseasonGM.Android\OffseasonGM.Android.csproj", "{B5E37ED8-D38B-4FCC-A195-BDD7B0B57054}"
EndProject
Project("{FAE04EC0-301F-11D3-BF4B-00C04F79EFBC}") = "OffseasonGM", "OffseasonGM\OffseasonGM\OffseasonGM.csproj", "{7F81714E-94FB-43F1-8BE0-415EAF594F38}"
EndProject
Project("{FAE04EC0-301F-11D3-BF4B-00C04F79EFBC}") = "OffseasonGM.UWP", "OffseasonGM\OffseasonGM.UWP\OffseasonGM.UWP.csproj", "{BAC006A3-19BF-465A-B3EB-8BCBE28009B9}"
EndProject
Project("{FAE04EC0-301F-11D3-BF4B-00C04F79EFBC}") = "OffseasonGM.iOS", "OffseasonGM\OffseasonGM.iOS\OffseasonGM.iOS.csproj", "{34B7650E-F668-4AE6-B7BD-AEA06C3D6651}"
EndProject
Global
	GlobalSection(SolutionConfigurationPlatforms) = preSolution
		Ad-Hoc|Any CPU = Ad-Hoc|Any CPU
		Ad-Hoc|ARM = Ad-Hoc|ARM
		Ad-Hoc|iPhone = Ad-Hoc|iPhone
		Ad-Hoc|iPhoneSimulator = Ad-Hoc|iPhoneSimulator
		Ad-Hoc|x64 = Ad-Hoc|x64
		Ad-Hoc|x86 = Ad-Hoc|x86
		AppStore|Any CPU = AppStore|Any CPU
		AppStore|ARM = AppStore|ARM
		AppStore|iPhone = AppStore|iPhone
		AppStore|iPhoneSimulator = AppStore|iPhoneSimulator
		AppStore|x64 = AppStore|x64
		AppStore|x86 = AppStore|x86
		Debug|Any CPU = Debug|Any CPU
		Debug|ARM = Debug|ARM
		Debug|iPhone = Debug|iPhone
		Debug|iPhoneSimulator = Debug|iPhoneSimulator
		Debug|x64 = Debug|x64
		Debug|x86 = Debug|x86
		Release|Any CPU = Release|Any CPU
		Release|ARM = Release|ARM
		Release|iPhone = Release|iPhone
		Release|iPhoneSimulator = Release|iPhoneSimulator
		Release|x64 = Release|x64
		Release|x86 = Release|x86
	EndGlobalSection
	GlobalSection(ProjectConfigurationPlatforms) = postSolution
		{B5E37ED8-D38B-4FCC-A195-BDD7B0B57054}.Ad-Hoc|Any CPU.ActiveCfg = Release|Any CPU
		{B5E37ED8-D38B-4FCC-A195-BDD7B0B57054}.Ad-Hoc|Any CPU.Build.0 = Release|Any CPU
		{B5E37ED8-D38B-4FCC-A195-BDD7B0B57054}.Ad-Hoc|Any CPU.Deploy.0 = Release|Any CPU
		{B5E37ED8-D38B-4FCC-A195-BDD7B0B57054}.Ad-Hoc|ARM.ActiveCfg = Release|Any CPU
		{B5E37ED8-D38B-4FCC-A195-BDD7B0B57054}.Ad-Hoc|ARM.Build.0 = Release|Any CPU
		{B5E37ED8-D38B-4FCC-A195-BDD7B0B57054}.Ad-Hoc|ARM.Deploy.0 = Release|Any CPU
		{B5E37ED8-D38B-4FCC-A195-BDD7B0B57054}.Ad-Hoc|iPhone.ActiveCfg = Release|Any CPU
		{B5E37ED8-D38B-4FCC-A195-BDD7B0B57054}.Ad-Hoc|iPhone.Build.0 = Release|Any CPU
		{B5E37ED8-D38B-4FCC-A195-BDD7B0B57054}.Ad-Hoc|iPhone.Deploy.0 = Release|Any CPU
		{B5E37ED8-D38B-4FCC-A195-BDD7B0B57054}.Ad-Hoc|iPhoneSimulator.ActiveCfg = Release|Any CPU
		{B5E37ED8-D38B-4FCC-A195-BDD7B0B57054}.Ad-Hoc|iPhoneSimulator.Build.0 = Release|Any CPU
		{B5E37ED8-D38B-4FCC-A195-BDD7B0B57054}.Ad-Hoc|iPhoneSimulator.Deploy.0 = Release|Any CPU
		{B5E37ED8-D38B-4FCC-A195-BDD7B0B57054}.Ad-Hoc|x64.ActiveCfg = Release|Any CPU
		{B5E37ED8-D38B-4FCC-A195-BDD7B0B57054}.Ad-Hoc|x64.Build.0 = Release|Any CPU
		{B5E37ED8-D38B-4FCC-A195-BDD7B0B57054}.Ad-Hoc|x64.Deploy.0 = Release|Any CPU
		{B5E37ED8-D38B-4FCC-A195-BDD7B0B57054}.Ad-Hoc|x86.ActiveCfg = Release|Any CPU
		{B5E37ED8-D38B-4FCC-A195-BDD7B0B57054}.Ad-Hoc|x86.Build.0 = Release|Any CPU
		{B5E37ED8-D38B-4FCC-A195-BDD7B0B57054}.Ad-Hoc|x86.Deploy.0 = Release|Any CPU
		{B5E37ED8-D38B-4FCC-A195-BDD7B0B57054}.AppStore|Any CPU.ActiveCfg = Release|Any CPU
		{B5E37ED8-D38B-4FCC-A195-BDD7B0B57054}.AppStore|Any CPU.Build.0 = Release|Any CPU
		{B5E37ED8-D38B-4FCC-A195-BDD7B0B57054}.AppStore|Any CPU.Deploy.0 = Release|Any CPU
		{B5E37ED8-D38B-4FCC-A195-BDD7B0B57054}.AppStore|ARM.ActiveCfg = Release|Any CPU
		{B5E37ED8-D38B-4FCC-A195-BDD7B0B57054}.AppStore|ARM.Build.0 = Release|Any CPU
		{B5E37ED8-D38B-4FCC-A195-BDD7B0B57054}.AppStore|ARM.Deploy.0 = Release|Any CPU
		{B5E37ED8-D38B-4FCC-A195-BDD7B0B57054}.AppStore|iPhone.ActiveCfg = Release|Any CPU
		{B5E37ED8-D38B-4FCC-A195-BDD7B0B57054}.AppStore|iPhone.Build.0 = Release|Any CPU
		{B5E37ED8-D38B-4FCC-A195-BDD7B0B57054}.AppStore|iPhone.Deploy.0 = Release|Any CPU
		{B5E37ED8-D38B-4FCC-A195-BDD7B0B57054}.AppStore|iPhoneSimulator.ActiveCfg = Release|Any CPU
		{B5E37ED8-D38B-4FCC-A195-BDD7B0B57054}.AppStore|iPhoneSimulator.Build.0 = Release|Any CPU
		{B5E37ED8-D38B-4FCC-A195-BDD7B0B57054}.AppStore|iPhoneSimulator.Deploy.0 = Release|Any CPU
		{B5E37ED8-D38B-4FCC-A195-BDD7B0B57054}.AppStore|x64.ActiveCfg = Release|Any CPU
		{B5E37ED8-D38B-4FCC-A195-BDD7B0B57054}.AppStore|x64.Build.0 = Release|Any CPU
		{B5E37ED8-D38B-4FCC-A195-BDD7B0B57054}.AppStore|x64.Deploy.0 = Release|Any CPU
		{B5E37ED8-D38B-4FCC-A195-BDD7B0B57054}.AppStore|x86.ActiveCfg = Release|Any CPU
		{B5E37ED8-D38B-4FCC-A195-BDD7B0B57054}.AppStore|x86.Build.0 = Release|Any CPU
		{B5E37ED8-D38B-4FCC-A195-BDD7B0B57054}.AppStore|x86.Deploy.0 = Release|Any CPU
		{B5E37ED8-D38B-4FCC-A195-BDD7B0B57054}.Debug|Any CPU.ActiveCfg = Debug|Any CPU
		{B5E37ED8-D38B-4FCC-A195-BDD7B0B57054}.Debug|Any CPU.Build.0 = Debug|Any CPU
		{B5E37ED8-D38B-4FCC-A195-BDD7B0B57054}.Debug|Any CPU.Deploy.0 = Debug|Any CPU
		{B5E37ED8-D38B-4FCC-A195-BDD7B0B57054}.Debug|ARM.ActiveCfg = Debug|Any CPU
		{B5E37ED8-D38B-4FCC-A195-BDD7B0B57054}.Debug|ARM.Build.0 = Debug|Any CPU
		{B5E37ED8-D38B-4FCC-A195-BDD7B0B57054}.Debug|ARM.Deploy.0 = Debug|Any CPU
		{B5E37ED8-D38B-4FCC-A195-BDD7B0B57054}.Debug|iPhone.ActiveCfg = Debug|Any CPU
		{B5E37ED8-D38B-4FCC-A195-BDD7B0B57054}.Debug|iPhone.Build.0 = Debug|Any CPU
		{B5E37ED8-D38B-4FCC-A195-BDD7B0B57054}.Debug|iPhone.Deploy.0 = Debug|Any CPU
		{B5E37ED8-D38B-4FCC-A195-BDD7B0B57054}.Debug|iPhoneSimulator.ActiveCfg = Debug|Any CPU
		{B5E37ED8-D38B-4FCC-A195-BDD7B0B57054}.Debug|iPhoneSimulator.Build.0 = Debug|Any CPU
		{B5E37ED8-D38B-4FCC-A195-BDD7B0B57054}.Debug|iPhoneSimulator.Deploy.0 = Debug|Any CPU
		{B5E37ED8-D38B-4FCC-A195-BDD7B0B57054}.Debug|x64.ActiveCfg = Debug|Any CPU
		{B5E37ED8-D38B-4FCC-A195-BDD7B0B57054}.Debug|x64.Build.0 = Debug|Any CPU
		{B5E37ED8-D38B-4FCC-A195-BDD7B0B57054}.Debug|x64.Deploy.0 = Debug|Any CPU
		{B5E37ED8-D38B-4FCC-A195-BDD7B0B57054}.Debug|x86.ActiveCfg = Debug|Any CPU
		{B5E37ED8-D38B-4FCC-A195-BDD7B0B57054}.Debug|x86.Build.0 = Debug|Any CPU
		{B5E37ED8-D38B-4FCC-A195-BDD7B0B57054}.Debug|x86.Deploy.0 = Debug|Any CPU
		{B5E37ED8-D38B-4FCC-A195-BDD7B0B57054}.Release|Any CPU.ActiveCfg = Release|Any CPU
		{B5E37ED8-D38B-4FCC-A195-BDD7B0B57054}.Release|Any CPU.Build.0 = Release|Any CPU
		{B5E37ED8-D38B-4FCC-A195-BDD7B0B57054}.Release|Any CPU.Deploy.0 = Release|Any CPU
		{B5E37ED8-D38B-4FCC-A195-BDD7B0B57054}.Release|ARM.ActiveCfg = Release|Any CPU
		{B5E37ED8-D38B-4FCC-A195-BDD7B0B57054}.Release|ARM.Build.0 = Release|Any CPU
		{B5E37ED8-D38B-4FCC-A195-BDD7B0B57054}.Release|ARM.Deploy.0 = Release|Any CPU
		{B5E37ED8-D38B-4FCC-A195-BDD7B0B57054}.Release|iPhone.ActiveCfg = Release|Any CPU
		{B5E37ED8-D38B-4FCC-A195-BDD7B0B57054}.Release|iPhone.Build.0 = Release|Any CPU
		{B5E37ED8-D38B-4FCC-A195-BDD7B0B57054}.Release|iPhone.Deploy.0 = Release|Any CPU
		{B5E37ED8-D38B-4FCC-A195-BDD7B0B57054}.Release|iPhoneSimulator.ActiveCfg = Release|Any CPU
		{B5E37ED8-D38B-4FCC-A195-BDD7B0B57054}.Release|iPhoneSimulator.Build.0 = Release|Any CPU
		{B5E37ED8-D38B-4FCC-A195-BDD7B0B57054}.Release|iPhoneSimulator.Deploy.0 = Release|Any CPU
		{B5E37ED8-D38B-4FCC-A195-BDD7B0B57054}.Release|x64.ActiveCfg = Release|Any CPU
		{B5E37ED8-D38B-4FCC-A195-BDD7B0B57054}.Release|x64.Build.0 = Release|Any CPU
		{B5E37ED8-D38B-4FCC-A195-BDD7B0B57054}.Release|x64.Deploy.0 = Release|Any CPU
		{B5E37ED8-D38B-4FCC-A195-BDD7B0B57054}.Release|x86.ActiveCfg = Release|Any CPU
		{B5E37ED8-D38B-4FCC-A195-BDD7B0B57054}.Release|x86.Build.0 = Release|Any CPU
		{B5E37ED8-D38B-4FCC-A195-BDD7B0B57054}.Release|x86.Deploy.0 = Release|Any CPU
		{7F81714E-94FB-43F1-8BE0-415EAF594F38}.Ad-Hoc|Any CPU.ActiveCfg = Release|Any CPU
		{7F81714E-94FB-43F1-8BE0-415EAF594F38}.Ad-Hoc|Any CPU.Build.0 = Release|Any CPU
		{7F81714E-94FB-43F1-8BE0-415EAF594F38}.Ad-Hoc|ARM.ActiveCfg = Release|Any CPU
		{7F81714E-94FB-43F1-8BE0-415EAF594F38}.Ad-Hoc|ARM.Build.0 = Release|Any CPU
		{7F81714E-94FB-43F1-8BE0-415EAF594F38}.Ad-Hoc|iPhone.ActiveCfg = Release|Any CPU
		{7F81714E-94FB-43F1-8BE0-415EAF594F38}.Ad-Hoc|iPhone.Build.0 = Release|Any CPU
		{7F81714E-94FB-43F1-8BE0-415EAF594F38}.Ad-Hoc|iPhoneSimulator.ActiveCfg = Release|Any CPU
		{7F81714E-94FB-43F1-8BE0-415EAF594F38}.Ad-Hoc|iPhoneSimulator.Build.0 = Release|Any CPU
		{7F81714E-94FB-43F1-8BE0-415EAF594F38}.Ad-Hoc|x64.ActiveCfg = Release|Any CPU
		{7F81714E-94FB-43F1-8BE0-415EAF594F38}.Ad-Hoc|x64.Build.0 = Release|Any CPU
		{7F81714E-94FB-43F1-8BE0-415EAF594F38}.Ad-Hoc|x86.ActiveCfg = Release|Any CPU
		{7F81714E-94FB-43F1-8BE0-415EAF594F38}.Ad-Hoc|x86.Build.0 = Release|Any CPU
		{7F81714E-94FB-43F1-8BE0-415EAF594F38}.AppStore|Any CPU.ActiveCfg = Release|Any CPU
		{7F81714E-94FB-43F1-8BE0-415EAF594F38}.AppStore|Any CPU.Build.0 = Release|Any CPU
		{7F81714E-94FB-43F1-8BE0-415EAF594F38}.AppStore|ARM.ActiveCfg = Release|Any CPU
		{7F81714E-94FB-43F1-8BE0-415EAF594F38}.AppStore|ARM.Build.0 = Release|Any CPU
		{7F81714E-94FB-43F1-8BE0-415EAF594F38}.AppStore|iPhone.ActiveCfg = Release|Any CPU
		{7F81714E-94FB-43F1-8BE0-415EAF594F38}.AppStore|iPhone.Build.0 = Release|Any CPU
		{7F81714E-94FB-43F1-8BE0-415EAF594F38}.AppStore|iPhoneSimulator.ActiveCfg = Release|Any CPU
		{7F81714E-94FB-43F1-8BE0-415EAF594F38}.AppStore|iPhoneSimulator.Build.0 = Release|Any CPU
		{7F81714E-94FB-43F1-8BE0-415EAF594F38}.AppStore|x64.ActiveCfg = Release|Any CPU
		{7F81714E-94FB-43F1-8BE0-415EAF594F38}.AppStore|x64.Build.0 = Release|Any CPU
		{7F81714E-94FB-43F1-8BE0-415EAF594F38}.AppStore|x86.ActiveCfg = Release|Any CPU
		{7F81714E-94FB-43F1-8BE0-415EAF594F38}.AppStore|x86.Build.0 = Release|Any CPU
		{7F81714E-94FB-43F1-8BE0-415EAF594F38}.Debug|Any CPU.ActiveCfg = Debug|Any CPU
		{7F81714E-94FB-43F1-8BE0-415EAF594F38}.Debug|Any CPU.Build.0 = Debug|Any CPU
		{7F81714E-94FB-43F1-8BE0-415EAF594F38}.Debug|ARM.ActiveCfg = Debug|Any CPU
		{7F81714E-94FB-43F1-8BE0-415EAF594F38}.Debug|ARM.Build.0 = Debug|Any CPU
		{7F81714E-94FB-43F1-8BE0-415EAF594F38}.Debug|iPhone.ActiveCfg = Debug|Any CPU
		{7F81714E-94FB-43F1-8BE0-415EAF594F38}.Debug|iPhone.Build.0 = Debug|Any CPU
		{7F81714E-94FB-43F1-8BE0-415EAF594F38}.Debug|iPhoneSimulator.ActiveCfg = Debug|Any CPU
		{7F81714E-94FB-43F1-8BE0-415EAF594F38}.Debug|iPhoneSimulator.Build.0 = Debug|Any CPU
		{7F81714E-94FB-43F1-8BE0-415EAF594F38}.Debug|x64.ActiveCfg = Debug|Any CPU
		{7F81714E-94FB-43F1-8BE0-415EAF594F38}.Debug|x64.Build.0 = Debug|Any CPU
		{7F81714E-94FB-43F1-8BE0-415EAF594F38}.Debug|x86.ActiveCfg = Debug|Any CPU
		{7F81714E-94FB-43F1-8BE0-415EAF594F38}.Debug|x86.Build.0 = Debug|Any CPU
		{7F81714E-94FB-43F1-8BE0-415EAF594F38}.Release|Any CPU.ActiveCfg = Release|Any CPU
		{7F81714E-94FB-43F1-8BE0-415EAF594F38}.Release|Any CPU.Build.0 = Release|Any CPU
		{7F81714E-94FB-43F1-8BE0-415EAF594F38}.Release|ARM.ActiveCfg = Release|Any CPU
		{7F81714E-94FB-43F1-8BE0-415EAF594F38}.Release|ARM.Build.0 = Release|Any CPU
		{7F81714E-94FB-43F1-8BE0-415EAF594F38}.Release|iPhone.ActiveCfg = Release|Any CPU
		{7F81714E-94FB-43F1-8BE0-415EAF594F38}.Release|iPhone.Build.0 = Release|Any CPU
		{7F81714E-94FB-43F1-8BE0-415EAF594F38}.Release|iPhoneSimulator.ActiveCfg = Release|Any CPU
		{7F81714E-94FB-43F1-8BE0-415EAF594F38}.Release|iPhoneSimulator.Build.0 = Release|Any CPU
		{7F81714E-94FB-43F1-8BE0-415EAF594F38}.Release|x64.ActiveCfg = Release|Any CPU
		{7F81714E-94FB-43F1-8BE0-415EAF594F38}.Release|x64.Build.0 = Release|Any CPU
		{7F81714E-94FB-43F1-8BE0-415EAF594F38}.Release|x86.ActiveCfg = Release|Any CPU
		{7F81714E-94FB-43F1-8BE0-415EAF594F38}.Release|x86.Build.0 = Release|Any CPU
		{BAC006A3-19BF-465A-B3EB-8BCBE28009B9}.Ad-Hoc|Any CPU.ActiveCfg = Release|x86
		{BAC006A3-19BF-465A-B3EB-8BCBE28009B9}.Ad-Hoc|Any CPU.Build.0 = Release|x86
		{BAC006A3-19BF-465A-B3EB-8BCBE28009B9}.Ad-Hoc|Any CPU.Deploy.0 = Release|x86
		{BAC006A3-19BF-465A-B3EB-8BCBE28009B9}.Ad-Hoc|ARM.ActiveCfg = Release|ARM
		{BAC006A3-19BF-465A-B3EB-8BCBE28009B9}.Ad-Hoc|ARM.Build.0 = Release|ARM
		{BAC006A3-19BF-465A-B3EB-8BCBE28009B9}.Ad-Hoc|ARM.Deploy.0 = Release|ARM
		{BAC006A3-19BF-465A-B3EB-8BCBE28009B9}.Ad-Hoc|iPhone.ActiveCfg = Release|x86
		{BAC006A3-19BF-465A-B3EB-8BCBE28009B9}.Ad-Hoc|iPhone.Build.0 = Release|x86
		{BAC006A3-19BF-465A-B3EB-8BCBE28009B9}.Ad-Hoc|iPhone.Deploy.0 = Release|x86
		{BAC006A3-19BF-465A-B3EB-8BCBE28009B9}.Ad-Hoc|iPhoneSimulator.ActiveCfg = Release|x86
		{BAC006A3-19BF-465A-B3EB-8BCBE28009B9}.Ad-Hoc|iPhoneSimulator.Build.0 = Release|x86
		{BAC006A3-19BF-465A-B3EB-8BCBE28009B9}.Ad-Hoc|iPhoneSimulator.Deploy.0 = Release|x86
		{BAC006A3-19BF-465A-B3EB-8BCBE28009B9}.Ad-Hoc|x64.ActiveCfg = Release|x64
		{BAC006A3-19BF-465A-B3EB-8BCBE28009B9}.Ad-Hoc|x64.Build.0 = Release|x64
		{BAC006A3-19BF-465A-B3EB-8BCBE28009B9}.Ad-Hoc|x64.Deploy.0 = Release|x64
		{BAC006A3-19BF-465A-B3EB-8BCBE28009B9}.Ad-Hoc|x86.ActiveCfg = Release|x86
		{BAC006A3-19BF-465A-B3EB-8BCBE28009B9}.Ad-Hoc|x86.Build.0 = Release|x86
		{BAC006A3-19BF-465A-B3EB-8BCBE28009B9}.Ad-Hoc|x86.Deploy.0 = Release|x86
		{BAC006A3-19BF-465A-B3EB-8BCBE28009B9}.AppStore|Any CPU.ActiveCfg = Release|x86
		{BAC006A3-19BF-465A-B3EB-8BCBE28009B9}.AppStore|Any CPU.Build.0 = Release|x86
		{BAC006A3-19BF-465A-B3EB-8BCBE28009B9}.AppStore|Any CPU.Deploy.0 = Release|x86
		{BAC006A3-19BF-465A-B3EB-8BCBE28009B9}.AppStore|ARM.ActiveCfg = Release|ARM
		{BAC006A3-19BF-465A-B3EB-8BCBE28009B9}.AppStore|ARM.Build.0 = Release|ARM
		{BAC006A3-19BF-465A-B3EB-8BCBE28009B9}.AppStore|ARM.Deploy.0 = Release|ARM
		{BAC006A3-19BF-465A-B3EB-8BCBE28009B9}.AppStore|iPhone.ActiveCfg = Release|x86
		{BAC006A3-19BF-465A-B3EB-8BCBE28009B9}.AppStore|iPhone.Build.0 = Release|x86
		{BAC006A3-19BF-465A-B3EB-8BCBE28009B9}.AppStore|iPhone.Deploy.0 = Release|x86
		{BAC006A3-19BF-465A-B3EB-8BCBE28009B9}.AppStore|iPhoneSimulator.ActiveCfg = Release|x86
		{BAC006A3-19BF-465A-B3EB-8BCBE28009B9}.AppStore|iPhoneSimulator.Build.0 = Release|x86
		{BAC006A3-19BF-465A-B3EB-8BCBE28009B9}.AppStore|iPhoneSimulator.Deploy.0 = Release|x86
		{BAC006A3-19BF-465A-B3EB-8BCBE28009B9}.AppStore|x64.ActiveCfg = Release|x64
		{BAC006A3-19BF-465A-B3EB-8BCBE28009B9}.AppStore|x64.Build.0 = Release|x64
		{BAC006A3-19BF-465A-B3EB-8BCBE28009B9}.AppStore|x64.Deploy.0 = Release|x64
		{BAC006A3-19BF-465A-B3EB-8BCBE28009B9}.AppStore|x86.ActiveCfg = Release|x86
		{BAC006A3-19BF-465A-B3EB-8BCBE28009B9}.AppStore|x86.Build.0 = Release|x86
		{BAC006A3-19BF-465A-B3EB-8BCBE28009B9}.AppStore|x86.Deploy.0 = Release|x86
		{BAC006A3-19BF-465A-B3EB-8BCBE28009B9}.Debug|Any CPU.ActiveCfg = Debug|x86
		{BAC006A3-19BF-465A-B3EB-8BCBE28009B9}.Debug|ARM.ActiveCfg = Debug|ARM
		{BAC006A3-19BF-465A-B3EB-8BCBE28009B9}.Debug|ARM.Build.0 = Debug|ARM
		{BAC006A3-19BF-465A-B3EB-8BCBE28009B9}.Debug|ARM.Deploy.0 = Debug|ARM
		{BAC006A3-19BF-465A-B3EB-8BCBE28009B9}.Debug|iPhone.ActiveCfg = Debug|x86
		{BAC006A3-19BF-465A-B3EB-8BCBE28009B9}.Debug|iPhoneSimulator.ActiveCfg = Debug|x86
		{BAC006A3-19BF-465A-B3EB-8BCBE28009B9}.Debug|x64.ActiveCfg = Debug|x64
		{BAC006A3-19BF-465A-B3EB-8BCBE28009B9}.Debug|x64.Build.0 = Debug|x64
		{BAC006A3-19BF-465A-B3EB-8BCBE28009B9}.Debug|x64.Deploy.0 = Debug|x64
		{BAC006A3-19BF-465A-B3EB-8BCBE28009B9}.Debug|x86.ActiveCfg = Debug|x86
		{BAC006A3-19BF-465A-B3EB-8BCBE28009B9}.Debug|x86.Build.0 = Debug|x86
		{BAC006A3-19BF-465A-B3EB-8BCBE28009B9}.Debug|x86.Deploy.0 = Debug|x86
		{BAC006A3-19BF-465A-B3EB-8BCBE28009B9}.Release|Any CPU.ActiveCfg = Release|x86
		{BAC006A3-19BF-465A-B3EB-8BCBE28009B9}.Release|ARM.ActiveCfg = Release|ARM
		{BAC006A3-19BF-465A-B3EB-8BCBE28009B9}.Release|ARM.Build.0 = Release|ARM
		{BAC006A3-19BF-465A-B3EB-8BCBE28009B9}.Release|ARM.Deploy.0 = Release|ARM
		{BAC006A3-19BF-465A-B3EB-8BCBE28009B9}.Release|iPhone.ActiveCfg = Release|x86
		{BAC006A3-19BF-465A-B3EB-8BCBE28009B9}.Release|iPhoneSimulator.ActiveCfg = Release|x86
		{BAC006A3-19BF-465A-B3EB-8BCBE28009B9}.Release|x64.ActiveCfg = Release|x64
		{BAC006A3-19BF-465A-B3EB-8BCBE28009B9}.Release|x64.Build.0 = Release|x64
		{BAC006A3-19BF-465A-B3EB-8BCBE28009B9}.Release|x64.Deploy.0 = Release|x64
		{BAC006A3-19BF-465A-B3EB-8BCBE28009B9}.Release|x86.ActiveCfg = Release|x86
		{BAC006A3-19BF-465A-B3EB-8BCBE28009B9}.Release|x86.Build.0 = Release|x86
		{BAC006A3-19BF-465A-B3EB-8BCBE28009B9}.Release|x86.Deploy.0 = Release|x86
		{34B7650E-F668-4AE6-B7BD-AEA06C3D6651}.Ad-Hoc|Any CPU.ActiveCfg = Ad-Hoc|iPhone
		{34B7650E-F668-4AE6-B7BD-AEA06C3D6651}.Ad-Hoc|ARM.ActiveCfg = Ad-Hoc|iPhone
		{34B7650E-F668-4AE6-B7BD-AEA06C3D6651}.Ad-Hoc|iPhone.ActiveCfg = Ad-Hoc|iPhone
		{34B7650E-F668-4AE6-B7BD-AEA06C3D6651}.Ad-Hoc|iPhone.Build.0 = Ad-Hoc|iPhone
		{34B7650E-F668-4AE6-B7BD-AEA06C3D6651}.Ad-Hoc|iPhoneSimulator.ActiveCfg = Ad-Hoc|iPhoneSimulator
		{34B7650E-F668-4AE6-B7BD-AEA06C3D6651}.Ad-Hoc|iPhoneSimulator.Build.0 = Ad-Hoc|iPhoneSimulator
		{34B7650E-F668-4AE6-B7BD-AEA06C3D6651}.Ad-Hoc|x64.ActiveCfg = Ad-Hoc|iPhone
		{34B7650E-F668-4AE6-B7BD-AEA06C3D6651}.Ad-Hoc|x86.ActiveCfg = Ad-Hoc|iPhone
		{34B7650E-F668-4AE6-B7BD-AEA06C3D6651}.AppStore|Any CPU.ActiveCfg = AppStore|iPhone
		{34B7650E-F668-4AE6-B7BD-AEA06C3D6651}.AppStore|ARM.ActiveCfg = AppStore|iPhone
		{34B7650E-F668-4AE6-B7BD-AEA06C3D6651}.AppStore|iPhone.ActiveCfg = AppStore|iPhone
		{34B7650E-F668-4AE6-B7BD-AEA06C3D6651}.AppStore|iPhone.Build.0 = AppStore|iPhone
		{34B7650E-F668-4AE6-B7BD-AEA06C3D6651}.AppStore|iPhoneSimulator.ActiveCfg = AppStore|iPhoneSimulator
		{34B7650E-F668-4AE6-B7BD-AEA06C3D6651}.AppStore|iPhoneSimulator.Build.0 = AppStore|iPhoneSimulator
		{34B7650E-F668-4AE6-B7BD-AEA06C3D6651}.AppStore|x64.ActiveCfg = AppStore|iPhone
		{34B7650E-F668-4AE6-B7BD-AEA06C3D6651}.AppStore|x86.ActiveCfg = AppStore|iPhone
		{34B7650E-F668-4AE6-B7BD-AEA06C3D6651}.Debug|Any CPU.ActiveCfg = Debug|iPhone
		{34B7650E-F668-4AE6-B7BD-AEA06C3D6651}.Debug|ARM.ActiveCfg = Debug|iPhone
		{34B7650E-F668-4AE6-B7BD-AEA06C3D6651}.Debug|iPhone.ActiveCfg = Debug|iPhone
		{34B7650E-F668-4AE6-B7BD-AEA06C3D6651}.Debug|iPhone.Build.0 = Debug|iPhone
		{34B7650E-F668-4AE6-B7BD-AEA06C3D6651}.Debug|iPhoneSimulator.ActiveCfg = Debug|iPhoneSimulator
		{34B7650E-F668-4AE6-B7BD-AEA06C3D6651}.Debug|iPhoneSimulator.Build.0 = Debug|iPhoneSimulator
		{34B7650E-F668-4AE6-B7BD-AEA06C3D6651}.Debug|x64.ActiveCfg = Debug|iPhone
		{34B7650E-F668-4AE6-B7BD-AEA06C3D6651}.Debug|x86.ActiveCfg = Debug|iPhone
		{34B7650E-F668-4AE6-B7BD-AEA06C3D6651}.Release|Any CPU.ActiveCfg = Release|iPhone
		{34B7650E-F668-4AE6-B7BD-AEA06C3D6651}.Release|ARM.ActiveCfg = Release|iPhone
		{34B7650E-F668-4AE6-B7BD-AEA06C3D6651}.Release|iPhone.ActiveCfg = Release|iPhone
		{34B7650E-F668-4AE6-B7BD-AEA06C3D6651}.Release|iPhone.Build.0 = Release|iPhone
		{34B7650E-F668-4AE6-B7BD-AEA06C3D6651}.Release|iPhoneSimulator.ActiveCfg = Release|iPhoneSimulator
		{34B7650E-F668-4AE6-B7BD-AEA06C3D6651}.Release|iPhoneSimulator.Build.0 = Release|iPhoneSimulator
		{34B7650E-F668-4AE6-B7BD-AEA06C3D6651}.Release|x64.ActiveCfg = Release|iPhone
		{34B7650E-F668-4AE6-B7BD-AEA06C3D6651}.Release|x86.ActiveCfg = Release|iPhone
	EndGlobalSection
	GlobalSection(SolutionProperties) = preSolution
		HideSolutionNode = FALSE
	EndGlobalSection
EndGlobal
